
Microsoft Visual Studio Solution File, Format Version 12.00
# Visual Studio Version 16
VisualStudioVersion = 16.0.28701.123
MinimumVisualStudioVersion = 10.0.40219.1
Project("{FAE04EC0-301F-11D3-BF4B-00C04F79EFBC}") = "SingleOrWhere", "SingleOrWhere\SingleOrWhere.csproj", "{402619A6-D89A-407F-A206-7924E9690BF4}"
EndProject
Global
	GlobalSection(SolutionConfigurationPlatforms) = preSolution
		Debug|Any CPU = Debug|Any CPU
		Release|Any CPU = Release|Any CPU
	EndGlobalSection
	GlobalSection(ProjectConfigurationPlatforms) = postSolution
		{402619A6-D89A-407F-A206-7924E9690BF4}.Debug|Any CPU.ActiveCfg = Debug|Any CPU
		{402619A6-D89A-407F-A206-7924E9690BF4}.Debug|Any CPU.Build.0 = Debug|Any CPU
		{402619A6-D89A-407F-A206-7924E9690BF4}.Release|Any CPU.ActiveCfg = Release|Any CPU
		{402619A6-D89A-407F-A206-7924E9690BF4}.Release|Any CPU.Build.0 = Release|Any CPU
	EndGlobalSection
	GlobalSection(SolutionProperties) = preSolution
		HideSolutionNode = FALSE
	EndGlobalSection
	GlobalSection(ExtensibilityGlobals) = postSolution
		SolutionGuid = {E425F8FC-2BED-4E75-984F-F4140729F6F7}
	EndGlobalSection
EndGlobal
